
Microsoft Visual Studio Solution File, Format Version 12.00
# Visual Studio Version 17
VisualStudioVersion = 17.9.34607.119
MinimumVisualStudioVersion = 10.0.40219.1
Project("{9A19103F-16F7-4668-BE54-9A1E7A4F7556}") = "MexicanFoodStore.Data", "MexicanFoodStore.Data\MexicanFoodStore.Data.csproj", "{568C391C-01BD-410D-9E56-F86DB747615A}"
EndProject
Project("{9A19103F-16F7-4668-BE54-9A1E7A4F7556}") = "MexicanFoodStore.Data.Shared", "MexicanFoodStore.Data.Shared\MexicanFoodStore.Data.Shared.csproj", "{F894CEAE-3064-4F83-A691-30D88927F359}"
EndProject
Project("{9A19103F-16F7-4668-BE54-9A1E7A4F7556}") = "MexicanFoodStore.API.Categories", "MexicanFoodStore.API.Categories\MexicanFoodStore.API.Categories.csproj", "{0EFC5432-4AF2-4A83-92EF-5BD999C04603}"
EndProject
Project("{9A19103F-16F7-4668-BE54-9A1E7A4F7556}") = "MexicanFoodStore.API.DTO", "MexicanFoodStore.API.DTO\MexicanFoodStore.API.DTO.csproj", "{4EDE9B49-5598-4AFA-A06C-6709520A50AD}"
EndProject
Project("{9A19103F-16F7-4668-BE54-9A1E7A4F7556}") = "MexicanFoodStore.API.Extensions", "MexicanFoodStore.API.Extensions\MexicanFoodStore.API.Extensions.csproj", "{37DC67BA-F2D7-4C30-97F1-DB09D88A2656}"
EndProject
Project("{9A19103F-16F7-4668-BE54-9A1E7A4F7556}") = "MexicanFoodStore.API.Products", "MexicanFoodStore.API.Products\MexicanFoodStore.API.Products.csproj", "{D79B0FBB-FB71-4108-9C6E-020925CFE8C6}"
EndProject
Project("{9A19103F-16F7-4668-BE54-9A1E7A4F7556}") = "MexicanFoodStore.UI", "MexicanFoodStore.UI\MexicanFoodStore.UI.csproj", "{532B8B9D-2DF3-42F4-BF88-E2C990BDDFD6}"
EndProject
Project("{9A19103F-16F7-4668-BE54-9A1E7A4F7556}") = "MexicanFoodStore.UI.Models", "MexicanFoodStore.UI.Models\MexicanFoodStore.UI.Models.csproj", "{D890EEC5-72DF-4AD8-A3FC-0965D244BA82}"
EndProject
Project("{9A19103F-16F7-4668-BE54-9A1E7A4F7556}") = "MexicanFoodStore.UI.Http", "MexicanFoodStore.UI.Http\MexicanFoodStore.UI.Http.csproj", "{6FCE36B3-A1DE-4C97-897D-504A007A3779}"
EndProject
Project("{9A19103F-16F7-4668-BE54-9A1E7A4F7556}") = "MexicanFoodStore.UI.Storage", "MexicanFoodStore.UI.Storage\MexicanFoodStore.UI.Storage.csproj", "{3692FCD9-E2FF-4454-9B9C-F4EBD0E389BE}"
EndProject
Global
	GlobalSection(SolutionConfigurationPlatforms) = preSolution
		Debug|Any CPU = Debug|Any CPU
		Release|Any CPU = Release|Any CPU
	EndGlobalSection
	GlobalSection(ProjectConfigurationPlatforms) = postSolution
		{568C391C-01BD-410D-9E56-F86DB747615A}.Debug|Any CPU.ActiveCfg = Debug|Any CPU
		{568C391C-01BD-410D-9E56-F86DB747615A}.Debug|Any CPU.Build.0 = Debug|Any CPU
		{568C391C-01BD-410D-9E56-F86DB747615A}.Release|Any CPU.ActiveCfg = Release|Any CPU
		{568C391C-01BD-410D-9E56-F86DB747615A}.Release|Any CPU.Build.0 = Release|Any CPU
		{F894CEAE-3064-4F83-A691-30D88927F359}.Debug|Any CPU.ActiveCfg = Debug|Any CPU
		{F894CEAE-3064-4F83-A691-30D88927F359}.Debug|Any CPU.Build.0 = Debug|Any CPU
		{F894CEAE-3064-4F83-A691-30D88927F359}.Release|Any CPU.ActiveCfg = Release|Any CPU
		{F894CEAE-3064-4F83-A691-30D88927F359}.Release|Any CPU.Build.0 = Release|Any CPU
		{0EFC5432-4AF2-4A83-92EF-5BD999C04603}.Debug|Any CPU.ActiveCfg = Debug|Any CPU
		{0EFC5432-4AF2-4A83-92EF-5BD999C04603}.Debug|Any CPU.Build.0 = Debug|Any CPU
		{0EFC5432-4AF2-4A83-92EF-5BD999C04603}.Release|Any CPU.ActiveCfg = Release|Any CPU
		{0EFC5432-4AF2-4A83-92EF-5BD999C04603}.Release|Any CPU.Build.0 = Release|Any CPU
		{4EDE9B49-5598-4AFA-A06C-6709520A50AD}.Debug|Any CPU.ActiveCfg = Debug|Any CPU
		{4EDE9B49-5598-4AFA-A06C-6709520A50AD}.Debug|Any CPU.Build.0 = Debug|Any CPU
		{4EDE9B49-5598-4AFA-A06C-6709520A50AD}.Release|Any CPU.ActiveCfg = Release|Any CPU
		{4EDE9B49-5598-4AFA-A06C-6709520A50AD}.Release|Any CPU.Build.0 = Release|Any CPU
		{37DC67BA-F2D7-4C30-97F1-DB09D88A2656}.Debug|Any CPU.ActiveCfg = Debug|Any CPU
		{37DC67BA-F2D7-4C30-97F1-DB09D88A2656}.Debug|Any CPU.Build.0 = Debug|Any CPU
		{37DC67BA-F2D7-4C30-97F1-DB09D88A2656}.Release|Any CPU.ActiveCfg = Release|Any CPU
		{37DC67BA-F2D7-4C30-97F1-DB09D88A2656}.Release|Any CPU.Build.0 = Release|Any CPU
		{D79B0FBB-FB71-4108-9C6E-020925CFE8C6}.Debug|Any CPU.ActiveCfg = Debug|Any CPU
		{D79B0FBB-FB71-4108-9C6E-020925CFE8C6}.Debug|Any CPU.Build.0 = Debug|Any CPU
		{D79B0FBB-FB71-4108-9C6E-020925CFE8C6}.Release|Any CPU.ActiveCfg = Release|Any CPU
		{D79B0FBB-FB71-4108-9C6E-020925CFE8C6}.Release|Any CPU.Build.0 = Release|Any CPU
		{532B8B9D-2DF3-42F4-BF88-E2C990BDDFD6}.Debug|Any CPU.ActiveCfg = Debug|Any CPU
		{532B8B9D-2DF3-42F4-BF88-E2C990BDDFD6}.Debug|Any CPU.Build.0 = Debug|Any CPU
		{532B8B9D-2DF3-42F4-BF88-E2C990BDDFD6}.Release|Any CPU.ActiveCfg = Release|Any CPU
		{532B8B9D-2DF3-42F4-BF88-E2C990BDDFD6}.Release|Any CPU.Build.0 = Release|Any CPU
		{D890EEC5-72DF-4AD8-A3FC-0965D244BA82}.Debug|Any CPU.ActiveCfg = Debug|Any CPU
		{D890EEC5-72DF-4AD8-A3FC-0965D244BA82}.Debug|Any CPU.Build.0 = Debug|Any CPU
		{D890EEC5-72DF-4AD8-A3FC-0965D244BA82}.Release|Any CPU.ActiveCfg = Release|Any CPU
		{D890EEC5-72DF-4AD8-A3FC-0965D244BA82}.Release|Any CPU.Build.0 = Release|Any CPU
		{6FCE36B3-A1DE-4C97-897D-504A007A3779}.Debug|Any CPU.ActiveCfg = Debug|Any CPU
		{6FCE36B3-A1DE-4C97-897D-504A007A3779}.Debug|Any CPU.Build.0 = Debug|Any CPU
		{6FCE36B3-A1DE-4C97-897D-504A007A3779}.Release|Any CPU.ActiveCfg = Release|Any CPU
		{6FCE36B3-A1DE-4C97-897D-504A007A3779}.Release|Any CPU.Build.0 = Release|Any CPU
		{3692FCD9-E2FF-4454-9B9C-F4EBD0E389BE}.Debug|Any CPU.ActiveCfg = Debug|Any CPU
		{3692FCD9-E2FF-4454-9B9C-F4EBD0E389BE}.Debug|Any CPU.Build.0 = Debug|Any CPU
		{3692FCD9-E2FF-4454-9B9C-F4EBD0E389BE}.Release|Any CPU.ActiveCfg = Release|Any CPU
		{3692FCD9-E2FF-4454-9B9C-F4EBD0E389BE}.Release|Any CPU.Build.0 = Release|Any CPU
	EndGlobalSection
	GlobalSection(SolutionProperties) = preSolution
		HideSolutionNode = FALSE
	EndGlobalSection
	GlobalSection(ExtensibilityGlobals) = postSolution
		SolutionGuid = {D7B890DE-855F-4FDC-B4AA-E293E0245ADB}
	EndGlobalSection
EndGlobal
